
Microsoft Visual Studio Solution File, Format Version 12.00
# Visual Studio Version 16
VisualStudioVersion = 16.0.29728.190
MinimumVisualStudioVersion = 10.0.40219.1
Project("{9A19103F-16F7-4668-BE54-9A1E7A4F7556}") = "OHLC", "OHLC\OHLC.csproj", "{F3A04994-7863-4443-AA8A-C8F0A259B056}"
EndProject
Project("{FAE04EC0-301F-11D3-BF4B-00C04F79EFBC}") = "OHLC_Client", "OHLC_Client\OHLC_Client.csproj", "{8D0A48D4-1611-403C-87D3-FA466174E07A}"
EndProject
Global
	GlobalSection(SolutionConfigurationPlatforms) = preSolution
		Debug|Any CPU = Debug|Any CPU
		Release|Any CPU = Release|Any CPU
	EndGlobalSection
	GlobalSection(ProjectConfigurationPlatforms) = postSolution
		{F3A04994-7863-4443-AA8A-C8F0A259B056}.Debug|Any CPU.ActiveCfg = Debug|Any CPU
		{F3A04994-7863-4443-AA8A-C8F0A259B056}.Debug|Any CPU.Build.0 = Debug|Any CPU
		{F3A04994-7863-4443-AA8A-C8F0A259B056}.Release|Any CPU.ActiveCfg = Release|Any CPU
		{F3A04994-7863-4443-AA8A-C8F0A259B056}.Release|Any CPU.Build.0 = Release|Any CPU
		{8D0A48D4-1611-403C-87D3-FA466174E07A}.Debug|Any CPU.ActiveCfg = Debug|Any CPU
		{8D0A48D4-1611-403C-87D3-FA466174E07A}.Debug|Any CPU.Build.0 = Debug|Any CPU
		{8D0A48D4-1611-403C-87D3-FA466174E07A}.Release|Any CPU.ActiveCfg = Release|Any CPU
		{8D0A48D4-1611-403C-87D3-FA466174E07A}.Release|Any CPU.Build.0 = Release|Any CPU
	EndGlobalSection
	GlobalSection(SolutionProperties) = preSolution
		HideSolutionNode = FALSE
	EndGlobalSection
	GlobalSection(ExtensibilityGlobals) = postSolution
		SolutionGuid = {83CE629B-4771-42CA-985B-E1BAB33AFFBE}
	EndGlobalSection
EndGlobal
